
Microsoft Visual Studio Solution File, Format Version 12.00
# Visual Studio Version 17
VisualStudioVersion = 17.13.36105.23 d17.13
MinimumVisualStudioVersion = 10.0.40219.1
Project("{FAE04EC0-301F-11D3-BF4B-00C04F79EFBC}") = "ConsoleApp24", "ConsoleApp24\ConsoleApp24.csproj", "{9246FE44-EA7A-443F-8DE9-887790C8802E}"
EndProject
Global
	GlobalSection(SolutionConfigurationPlatforms) = preSolution
		Debug|Any CPU = Debug|Any CPU
		Release|Any CPU = Release|Any CPU
	EndGlobalSection
	GlobalSection(ProjectConfigurationPlatforms) = postSolution
		{9246FE44-EA7A-443F-8DE9-887790C8802E}.Debug|Any CPU.ActiveCfg = Debug|Any CPU
		{9246FE44-EA7A-443F-8DE9-887790C8802E}.Debug|Any CPU.Build.0 = Debug|Any CPU
		{9246FE44-EA7A-443F-8DE9-887790C8802E}.Release|Any CPU.ActiveCfg = Release|Any CPU
		{9246FE44-EA7A-443F-8DE9-887790C8802E}.Release|Any CPU.Build.0 = Release|Any CPU
	EndGlobalSection
	GlobalSection(SolutionProperties) = preSolution
		HideSolutionNode = FALSE
	EndGlobalSection
	GlobalSection(ExtensibilityGlobals) = postSolution
		SolutionGuid = {B61C8B08-9ED0-459D-BFC0-4E1AD7E174BD}
	EndGlobalSection
EndGlobal
