
Microsoft Visual Studio Solution File, Format Version 12.00
# Visual Studio Version 17
VisualStudioVersion = 17.13.35913.81 d17.13
MinimumVisualStudioVersion = 10.0.40219.1
Project("{FAE04EC0-301F-11D3-BF4B-00C04F79EFBC}") = "ConsoleApp12", "ConsoleApp12\ConsoleApp12.csproj", "{BF416824-9F17-44FC-8FBA-A4C8138B65C1}"
EndProject
Global
	GlobalSection(SolutionConfigurationPlatforms) = preSolution
		Debug|Any CPU = Debug|Any CPU
		Release|Any CPU = Release|Any CPU
	EndGlobalSection
	GlobalSection(ProjectConfigurationPlatforms) = postSolution
		{BF416824-9F17-44FC-8FBA-A4C8138B65C1}.Debug|Any CPU.ActiveCfg = Debug|Any CPU
		{BF416824-9F17-44FC-8FBA-A4C8138B65C1}.Debug|Any CPU.Build.0 = Debug|Any CPU
		{BF416824-9F17-44FC-8FBA-A4C8138B65C1}.Release|Any CPU.ActiveCfg = Release|Any CPU
		{BF416824-9F17-44FC-8FBA-A4C8138B65C1}.Release|Any CPU.Build.0 = Release|Any CPU
	EndGlobalSection
	GlobalSection(SolutionProperties) = preSolution
		HideSolutionNode = FALSE
	EndGlobalSection
	GlobalSection(ExtensibilityGlobals) = postSolution
		SolutionGuid = {903698C8-4E7E-4348-A8B2-5E7C9B3E5DE0}
	EndGlobalSection
EndGlobal
