
Microsoft Visual Studio Solution File, Format Version 12.00
# Visual Studio Version 17
VisualStudioVersion = 17.9.34902.65
MinimumVisualStudioVersion = 10.0.40219.1
Project("{FAE04EC0-301F-11D3-BF4B-00C04F79EFBC}") = "Continue and break", "Continue and break\Continue and break.csproj", "{830FC93E-E99B-4B49-A02D-443A087B3644}"
EndProject
Global
	GlobalSection(SolutionConfigurationPlatforms) = preSolution
		Debug|Any CPU = Debug|Any CPU
		Release|Any CPU = Release|Any CPU
	EndGlobalSection
	GlobalSection(ProjectConfigurationPlatforms) = postSolution
		{830FC93E-E99B-4B49-A02D-443A087B3644}.Debug|Any CPU.ActiveCfg = Debug|Any CPU
		{830FC93E-E99B-4B49-A02D-443A087B3644}.Debug|Any CPU.Build.0 = Debug|Any CPU
		{830FC93E-E99B-4B49-A02D-443A087B3644}.Release|Any CPU.ActiveCfg = Release|Any CPU
		{830FC93E-E99B-4B49-A02D-443A087B3644}.Release|Any CPU.Build.0 = Release|Any CPU
	EndGlobalSection
	GlobalSection(SolutionProperties) = preSolution
		HideSolutionNode = FALSE
	EndGlobalSection
	GlobalSection(ExtensibilityGlobals) = postSolution
		SolutionGuid = {37F72932-0A57-4AAB-8846-0D54097C8655}
	EndGlobalSection
EndGlobal
