
Microsoft Visual Studio Solution File, Format Version 12.00
# Visual Studio Version 17
VisualStudioVersion = 17.11.35327.3
MinimumVisualStudioVersion = 10.0.40219.1
Project("{FAE04EC0-301F-11D3-BF4B-00C04F79EFBC}") = "ConsoleApp2", "ConsoleApp2\ConsoleApp2.csproj", "{DA22F45B-EF60-4A21-9324-14086E6E486D}"
EndProject
Global
	GlobalSection(SolutionConfigurationPlatforms) = preSolution
		Debug|Any CPU = Debug|Any CPU
		Release|Any CPU = Release|Any CPU
	EndGlobalSection
	GlobalSection(ProjectConfigurationPlatforms) = postSolution
		{DA22F45B-EF60-4A21-9324-14086E6E486D}.Debug|Any CPU.ActiveCfg = Debug|Any CPU
		{DA22F45B-EF60-4A21-9324-14086E6E486D}.Debug|Any CPU.Build.0 = Debug|Any CPU
		{DA22F45B-EF60-4A21-9324-14086E6E486D}.Release|Any CPU.ActiveCfg = Release|Any CPU
		{DA22F45B-EF60-4A21-9324-14086E6E486D}.Release|Any CPU.Build.0 = Release|Any CPU
	EndGlobalSection
	GlobalSection(SolutionProperties) = preSolution
		HideSolutionNode = FALSE
	EndGlobalSection
	GlobalSection(ExtensibilityGlobals) = postSolution
		SolutionGuid = {5F64147C-4111-4E91-9091-E092E9227435}
	EndGlobalSection
EndGlobal
