<<<<<<< HEAD
﻿
Microsoft Visual Studio Solution File, Format Version 12.00
# Visual Studio Version 17
VisualStudioVersion = 17.11.35327.3
MinimumVisualStudioVersion = 10.0.40219.1
Project("{FAE04EC0-301F-11D3-BF4B-00C04F79EFBC}") = "ConsoleApp2", "ConsoleApp2\ConsoleApp2.csproj", "{DA22F45B-EF60-4A21-9324-14086E6E486D}"
EndProject
Global
	GlobalSection(SolutionConfigurationPlatforms) = preSolution
		Debug|Any CPU = Debug|Any CPU
		Release|Any CPU = Release|Any CPU
	EndGlobalSection
	GlobalSection(ProjectConfigurationPlatforms) = postSolution
		{DA22F45B-EF60-4A21-9324-14086E6E486D}.Debug|Any CPU.ActiveCfg = Debug|Any CPU
		{DA22F45B-EF60-4A21-9324-14086E6E486D}.Debug|Any CPU.Build.0 = Debug|Any CPU
		{DA22F45B-EF60-4A21-9324-14086E6E486D}.Release|Any CPU.ActiveCfg = Release|Any CPU
		{DA22F45B-EF60-4A21-9324-14086E6E486D}.Release|Any CPU.Build.0 = Release|Any CPU
	EndGlobalSection
	GlobalSection(SolutionProperties) = preSolution
		HideSolutionNode = FALSE
	EndGlobalSection
	GlobalSection(ExtensibilityGlobals) = postSolution
		SolutionGuid = {5F64147C-4111-4E91-9091-E092E9227435}
	EndGlobalSection
EndGlobal
=======
﻿
Microsoft Visual Studio Solution File, Format Version 12.00
# Visual Studio Version 17
VisualStudioVersion = 17.9.34902.65
MinimumVisualStudioVersion = 10.0.40219.1
Project("{FAE04EC0-301F-11D3-BF4B-00C04F79EFBC}") = "ConsoleApp2", "ConsoleApp2\ConsoleApp2.csproj", "{46AB499B-5757-40A6-A15C-6B74BB9428FD}"
EndProject
Global
	GlobalSection(SolutionConfigurationPlatforms) = preSolution
		Debug|Any CPU = Debug|Any CPU
		Release|Any CPU = Release|Any CPU
	EndGlobalSection
	GlobalSection(ProjectConfigurationPlatforms) = postSolution
		{46AB499B-5757-40A6-A15C-6B74BB9428FD}.Debug|Any CPU.ActiveCfg = Debug|Any CPU
		{46AB499B-5757-40A6-A15C-6B74BB9428FD}.Debug|Any CPU.Build.0 = Debug|Any CPU
		{46AB499B-5757-40A6-A15C-6B74BB9428FD}.Release|Any CPU.ActiveCfg = Release|Any CPU
		{46AB499B-5757-40A6-A15C-6B74BB9428FD}.Release|Any CPU.Build.0 = Release|Any CPU
	EndGlobalSection
	GlobalSection(SolutionProperties) = preSolution
		HideSolutionNode = FALSE
	EndGlobalSection
	GlobalSection(ExtensibilityGlobals) = postSolution
		SolutionGuid = {741CCD08-A72E-4420-A499-B29B63A30E99}
	EndGlobalSection
EndGlobal
>>>>>>> e5da0a09be367aabd4762c272c20b63a5e12f3be
