
Microsoft Visual Studio Solution File, Format Version 12.00
# Visual Studio Version 17
VisualStudioVersion = 17.13.36105.23 d17.13
MinimumVisualStudioVersion = 10.0.40219.1
Project("{FAE04EC0-301F-11D3-BF4B-00C04F79EFBC}") = "ConsoleApp22", "ConsoleApp22\ConsoleApp22.csproj", "{63DB4EEE-418F-45C2-817E-2409B0C329A6}"
EndProject
Global
	GlobalSection(SolutionConfigurationPlatforms) = preSolution
		Debug|Any CPU = Debug|Any CPU
		Release|Any CPU = Release|Any CPU
	EndGlobalSection
	GlobalSection(ProjectConfigurationPlatforms) = postSolution
		{63DB4EEE-418F-45C2-817E-2409B0C329A6}.Debug|Any CPU.ActiveCfg = Debug|Any CPU
		{63DB4EEE-418F-45C2-817E-2409B0C329A6}.Debug|Any CPU.Build.0 = Debug|Any CPU
		{63DB4EEE-418F-45C2-817E-2409B0C329A6}.Release|Any CPU.ActiveCfg = Release|Any CPU
		{63DB4EEE-418F-45C2-817E-2409B0C329A6}.Release|Any CPU.Build.0 = Release|Any CPU
	EndGlobalSection
	GlobalSection(SolutionProperties) = preSolution
		HideSolutionNode = FALSE
	EndGlobalSection
	GlobalSection(ExtensibilityGlobals) = postSolution
		SolutionGuid = {73543B17-4C9F-4B6E-B70E-A56520370D29}
	EndGlobalSection
EndGlobal
