
Microsoft Visual Studio Solution File, Format Version 12.00
# Visual Studio Version 17
VisualStudioVersion = 17.9.34902.65
MinimumVisualStudioVersion = 10.0.40219.1
Project("{FAE04EC0-301F-11D3-BF4B-00C04F79EFBC}") = "While lop", "While lop\While lop.csproj", "{711802AA-45D0-4CBD-80FC-2DF56AA82A91}"
EndProject
Global
	GlobalSection(SolutionConfigurationPlatforms) = preSolution
		Debug|Any CPU = Debug|Any CPU
		Release|Any CPU = Release|Any CPU
	EndGlobalSection
	GlobalSection(ProjectConfigurationPlatforms) = postSolution
		{711802AA-45D0-4CBD-80FC-2DF56AA82A91}.Debug|Any CPU.ActiveCfg = Debug|Any CPU
		{711802AA-45D0-4CBD-80FC-2DF56AA82A91}.Debug|Any CPU.Build.0 = Debug|Any CPU
		{711802AA-45D0-4CBD-80FC-2DF56AA82A91}.Release|Any CPU.ActiveCfg = Release|Any CPU
		{711802AA-45D0-4CBD-80FC-2DF56AA82A91}.Release|Any CPU.Build.0 = Release|Any CPU
	EndGlobalSection
	GlobalSection(SolutionProperties) = preSolution
		HideSolutionNode = FALSE
	EndGlobalSection
	GlobalSection(ExtensibilityGlobals) = postSolution
		SolutionGuid = {C4BC11C1-FF0B-489B-B7A6-B734DF77603F}
	EndGlobalSection
EndGlobal
