
Microsoft Visual Studio Solution File, Format Version 12.00
# Visual Studio Version 17
VisualStudioVersion = 17.13.35913.81 d17.13
MinimumVisualStudioVersion = 10.0.40219.1
Project("{FAE04EC0-301F-11D3-BF4B-00C04F79EFBC}") = "ConsoleApp11", "ConsoleApp11\ConsoleApp11.csproj", "{599B7BDF-36E8-4738-B7D2-CE6A0737DFBD}"
EndProject
Global
	GlobalSection(SolutionConfigurationPlatforms) = preSolution
		Debug|Any CPU = Debug|Any CPU
		Release|Any CPU = Release|Any CPU
	EndGlobalSection
	GlobalSection(ProjectConfigurationPlatforms) = postSolution
		{599B7BDF-36E8-4738-B7D2-CE6A0737DFBD}.Debug|Any CPU.ActiveCfg = Debug|Any CPU
		{599B7BDF-36E8-4738-B7D2-CE6A0737DFBD}.Debug|Any CPU.Build.0 = Debug|Any CPU
		{599B7BDF-36E8-4738-B7D2-CE6A0737DFBD}.Release|Any CPU.ActiveCfg = Release|Any CPU
		{599B7BDF-36E8-4738-B7D2-CE6A0737DFBD}.Release|Any CPU.Build.0 = Release|Any CPU
	EndGlobalSection
	GlobalSection(SolutionProperties) = preSolution
		HideSolutionNode = FALSE
	EndGlobalSection
	GlobalSection(ExtensibilityGlobals) = postSolution
		SolutionGuid = {CE9417F4-E77F-4B6D-B47A-460D3BAFEA26}
	EndGlobalSection
EndGlobal
