
Microsoft Visual Studio Solution File, Format Version 12.00
# Visual Studio Version 17
VisualStudioVersion = 17.9.34902.65
MinimumVisualStudioVersion = 10.0.40219.1
Project("{FAE04EC0-301F-11D3-BF4B-00C04F79EFBC}") = "Return Value", "Return Value\Return Value.csproj", "{6C3AA693-F19F-4413-A155-FE61FD95B806}"
EndProject
Global
	GlobalSection(SolutionConfigurationPlatforms) = preSolution
		Debug|Any CPU = Debug|Any CPU
		Release|Any CPU = Release|Any CPU
	EndGlobalSection
	GlobalSection(ProjectConfigurationPlatforms) = postSolution
		{6C3AA693-F19F-4413-A155-FE61FD95B806}.Debug|Any CPU.ActiveCfg = Debug|Any CPU
		{6C3AA693-F19F-4413-A155-FE61FD95B806}.Debug|Any CPU.Build.0 = Debug|Any CPU
		{6C3AA693-F19F-4413-A155-FE61FD95B806}.Release|Any CPU.ActiveCfg = Release|Any CPU
		{6C3AA693-F19F-4413-A155-FE61FD95B806}.Release|Any CPU.Build.0 = Release|Any CPU
	EndGlobalSection
	GlobalSection(SolutionProperties) = preSolution
		HideSolutionNode = FALSE
	EndGlobalSection
	GlobalSection(ExtensibilityGlobals) = postSolution
		SolutionGuid = {B32B1AF8-1FFB-4F1D-B202-4DFC6497D0D8}
	EndGlobalSection
EndGlobal
