
Microsoft Visual Studio Solution File, Format Version 12.00
# Visual Studio Version 17
VisualStudioVersion = 17.9.34902.65
MinimumVisualStudioVersion = 10.0.40219.1
Project("{FAE04EC0-301F-11D3-BF4B-00C04F79EFBC}") = "Method Parameters", "Method Parameters\Method Parameters.csproj", "{B51787A2-BBC7-4C79-914A-0BA128735D10}"
EndProject
Global
	GlobalSection(SolutionConfigurationPlatforms) = preSolution
		Debug|Any CPU = Debug|Any CPU
		Release|Any CPU = Release|Any CPU
	EndGlobalSection
	GlobalSection(ProjectConfigurationPlatforms) = postSolution
		{B51787A2-BBC7-4C79-914A-0BA128735D10}.Debug|Any CPU.ActiveCfg = Debug|Any CPU
		{B51787A2-BBC7-4C79-914A-0BA128735D10}.Debug|Any CPU.Build.0 = Debug|Any CPU
		{B51787A2-BBC7-4C79-914A-0BA128735D10}.Release|Any CPU.ActiveCfg = Release|Any CPU
		{B51787A2-BBC7-4C79-914A-0BA128735D10}.Release|Any CPU.Build.0 = Release|Any CPU
	EndGlobalSection
	GlobalSection(SolutionProperties) = preSolution
		HideSolutionNode = FALSE
	EndGlobalSection
	GlobalSection(ExtensibilityGlobals) = postSolution
		SolutionGuid = {2B7BE4EC-F194-4BB9-9C2B-C336F0FF369D}
	EndGlobalSection
EndGlobal
