
Microsoft Visual Studio Solution File, Format Version 12.00
# Visual Studio Version 17
VisualStudioVersion = 17.13.36105.23 d17.13
MinimumVisualStudioVersion = 10.0.40219.1
Project("{FAE04EC0-301F-11D3-BF4B-00C04F79EFBC}") = "ConsoleApp23", "ConsoleApp23\ConsoleApp23.csproj", "{27CE14F2-6C64-418B-B0AE-76FE8575F98E}"
EndProject
Global
	GlobalSection(SolutionConfigurationPlatforms) = preSolution
		Debug|Any CPU = Debug|Any CPU
		Release|Any CPU = Release|Any CPU
	EndGlobalSection
	GlobalSection(ProjectConfigurationPlatforms) = postSolution
		{27CE14F2-6C64-418B-B0AE-76FE8575F98E}.Debug|Any CPU.ActiveCfg = Debug|Any CPU
		{27CE14F2-6C64-418B-B0AE-76FE8575F98E}.Debug|Any CPU.Build.0 = Debug|Any CPU
		{27CE14F2-6C64-418B-B0AE-76FE8575F98E}.Release|Any CPU.ActiveCfg = Release|Any CPU
		{27CE14F2-6C64-418B-B0AE-76FE8575F98E}.Release|Any CPU.Build.0 = Release|Any CPU
	EndGlobalSection
	GlobalSection(SolutionProperties) = preSolution
		HideSolutionNode = FALSE
	EndGlobalSection
	GlobalSection(ExtensibilityGlobals) = postSolution
		SolutionGuid = {E11410B8-B8B4-484B-BE47-BA4D4BD88DBF}
	EndGlobalSection
EndGlobal
