
Microsoft Visual Studio Solution File, Format Version 12.00
# Visual Studio Version 17
VisualStudioVersion = 17.9.34902.65
MinimumVisualStudioVersion = 10.0.40219.1
Project("{FAE04EC0-301F-11D3-BF4B-00C04F79EFBC}") = "User1", "User1\User1.csproj", "{336C41E0-0483-4D63-8C3B-0091BA22F906}"
EndProject
Global
	GlobalSection(SolutionConfigurationPlatforms) = preSolution
		Debug|Any CPU = Debug|Any CPU
		Release|Any CPU = Release|Any CPU
	EndGlobalSection
	GlobalSection(ProjectConfigurationPlatforms) = postSolution
		{336C41E0-0483-4D63-8C3B-0091BA22F906}.Debug|Any CPU.ActiveCfg = Debug|Any CPU
		{336C41E0-0483-4D63-8C3B-0091BA22F906}.Debug|Any CPU.Build.0 = Debug|Any CPU
		{336C41E0-0483-4D63-8C3B-0091BA22F906}.Release|Any CPU.ActiveCfg = Release|Any CPU
		{336C41E0-0483-4D63-8C3B-0091BA22F906}.Release|Any CPU.Build.0 = Release|Any CPU
	EndGlobalSection
	GlobalSection(SolutionProperties) = preSolution
		HideSolutionNode = FALSE
	EndGlobalSection
	GlobalSection(ExtensibilityGlobals) = postSolution
		SolutionGuid = {606D8265-AB0B-402F-99C6-66EA06D82E31}
	EndGlobalSection
EndGlobal
