
Microsoft Visual Studio Solution File, Format Version 12.00
# Visual Studio Version 17
VisualStudioVersion = 17.9.34902.65
MinimumVisualStudioVersion = 10.0.40219.1
Project("{FAE04EC0-301F-11D3-BF4B-00C04F79EFBC}") = "donggoi", "donggoi\donggoi.csproj", "{6ABFD57C-0181-48CB-897D-1BED91771BAD}"
EndProject
Global
	GlobalSection(SolutionConfigurationPlatforms) = preSolution
		Debug|Any CPU = Debug|Any CPU
		Release|Any CPU = Release|Any CPU
	EndGlobalSection
	GlobalSection(ProjectConfigurationPlatforms) = postSolution
		{6ABFD57C-0181-48CB-897D-1BED91771BAD}.Debug|Any CPU.ActiveCfg = Debug|Any CPU
		{6ABFD57C-0181-48CB-897D-1BED91771BAD}.Debug|Any CPU.Build.0 = Debug|Any CPU
		{6ABFD57C-0181-48CB-897D-1BED91771BAD}.Release|Any CPU.ActiveCfg = Release|Any CPU
		{6ABFD57C-0181-48CB-897D-1BED91771BAD}.Release|Any CPU.Build.0 = Release|Any CPU
	EndGlobalSection
	GlobalSection(SolutionProperties) = preSolution
		HideSolutionNode = FALSE
	EndGlobalSection
	GlobalSection(ExtensibilityGlobals) = postSolution
		SolutionGuid = {9A0F8689-DE12-4204-9550-7A18CEFFE30E}
	EndGlobalSection
EndGlobal
