<<<<<<< HEAD
﻿
Microsoft Visual Studio Solution File, Format Version 12.00
# Visual Studio Version 17
VisualStudioVersion = 17.11.35327.3
MinimumVisualStudioVersion = 10.0.40219.1
Project("{FAE04EC0-301F-11D3-BF4B-00C04F79EFBC}") = "QuanLyThuCung", "QuanLyThuCung\QuanLyThuCung.csproj", "{59DD79A9-56F6-4023-9E0A-B189F70A5CEE}"
EndProject
Global
	GlobalSection(SolutionConfigurationPlatforms) = preSolution
		Debug|Any CPU = Debug|Any CPU
		Release|Any CPU = Release|Any CPU
	EndGlobalSection
	GlobalSection(ProjectConfigurationPlatforms) = postSolution
		{59DD79A9-56F6-4023-9E0A-B189F70A5CEE}.Debug|Any CPU.ActiveCfg = Debug|Any CPU
		{59DD79A9-56F6-4023-9E0A-B189F70A5CEE}.Debug|Any CPU.Build.0 = Debug|Any CPU
		{59DD79A9-56F6-4023-9E0A-B189F70A5CEE}.Release|Any CPU.ActiveCfg = Release|Any CPU
		{59DD79A9-56F6-4023-9E0A-B189F70A5CEE}.Release|Any CPU.Build.0 = Release|Any CPU
	EndGlobalSection
	GlobalSection(SolutionProperties) = preSolution
		HideSolutionNode = FALSE
	EndGlobalSection
	GlobalSection(ExtensibilityGlobals) = postSolution
		SolutionGuid = {5A9C2722-DF80-4C4B-BC4B-2ADAB8CFA7F2}
	EndGlobalSection
EndGlobal
=======
﻿
Microsoft Visual Studio Solution File, Format Version 12.00
# Visual Studio Version 17
VisualStudioVersion = 17.11.35327.3
MinimumVisualStudioVersion = 10.0.40219.1
Project("{FAE04EC0-301F-11D3-BF4B-00C04F79EFBC}") = "QuanLyThuCung", "QuanLyThuCung\QuanLyThuCung.csproj", "{59DD79A9-56F6-4023-9E0A-B189F70A5CEE}"
EndProject
Global
	GlobalSection(SolutionConfigurationPlatforms) = preSolution
		Debug|Any CPU = Debug|Any CPU
		Release|Any CPU = Release|Any CPU
	EndGlobalSection
	GlobalSection(ProjectConfigurationPlatforms) = postSolution
		{59DD79A9-56F6-4023-9E0A-B189F70A5CEE}.Debug|Any CPU.ActiveCfg = Debug|Any CPU
		{59DD79A9-56F6-4023-9E0A-B189F70A5CEE}.Debug|Any CPU.Build.0 = Debug|Any CPU
		{59DD79A9-56F6-4023-9E0A-B189F70A5CEE}.Release|Any CPU.ActiveCfg = Release|Any CPU
		{59DD79A9-56F6-4023-9E0A-B189F70A5CEE}.Release|Any CPU.Build.0 = Release|Any CPU
	EndGlobalSection
	GlobalSection(SolutionProperties) = preSolution
		HideSolutionNode = FALSE
	EndGlobalSection
	GlobalSection(ExtensibilityGlobals) = postSolution
		SolutionGuid = {5A9C2722-DF80-4C4B-BC4B-2ADAB8CFA7F2}
	EndGlobalSection
EndGlobal
>>>>>>> e5da0a09be367aabd4762c272c20b63a5e12f3be
