
Microsoft Visual Studio Solution File, Format Version 12.00
# Visual Studio Version 17
VisualStudioVersion = 17.9.34902.65
MinimumVisualStudioVersion = 10.0.40219.1
Project("{FAE04EC0-301F-11D3-BF4B-00C04F79EFBC}") = "lapquamanghaichieu", "lapquamanghaichieu\lapquamanghaichieu.csproj", "{2D3F1BB8-5915-4682-920C-5C8462EC5C34}"
EndProject
Global
	GlobalSection(SolutionConfigurationPlatforms) = preSolution
		Debug|Any CPU = Debug|Any CPU
		Release|Any CPU = Release|Any CPU
	EndGlobalSection
	GlobalSection(ProjectConfigurationPlatforms) = postSolution
		{2D3F1BB8-5915-4682-920C-5C8462EC5C34}.Debug|Any CPU.ActiveCfg = Debug|Any CPU
		{2D3F1BB8-5915-4682-920C-5C8462EC5C34}.Debug|Any CPU.Build.0 = Debug|Any CPU
		{2D3F1BB8-5915-4682-920C-5C8462EC5C34}.Release|Any CPU.ActiveCfg = Release|Any CPU
		{2D3F1BB8-5915-4682-920C-5C8462EC5C34}.Release|Any CPU.Build.0 = Release|Any CPU
	EndGlobalSection
	GlobalSection(SolutionProperties) = preSolution
		HideSolutionNode = FALSE
	EndGlobalSection
	GlobalSection(ExtensibilityGlobals) = postSolution
		SolutionGuid = {BFBFB2B6-E3F7-4777-902D-6490EDD60C2D}
	EndGlobalSection
EndGlobal
