
Microsoft Visual Studio Solution File, Format Version 12.00
# Visual Studio Version 17
VisualStudioVersion = 17.13.36105.23 d17.13
MinimumVisualStudioVersion = 10.0.40219.1
Project("{FAE04EC0-301F-11D3-BF4B-00C04F79EFBC}") = "ConsoleApp26", "ConsoleApp26\ConsoleApp26.csproj", "{41017B20-CB7C-4B90-B9C3-03E6056EA7F5}"
EndProject
Global
	GlobalSection(SolutionConfigurationPlatforms) = preSolution
		Debug|Any CPU = Debug|Any CPU
		Release|Any CPU = Release|Any CPU
	EndGlobalSection
	GlobalSection(ProjectConfigurationPlatforms) = postSolution
		{41017B20-CB7C-4B90-B9C3-03E6056EA7F5}.Debug|Any CPU.ActiveCfg = Debug|Any CPU
		{41017B20-CB7C-4B90-B9C3-03E6056EA7F5}.Debug|Any CPU.Build.0 = Debug|Any CPU
		{41017B20-CB7C-4B90-B9C3-03E6056EA7F5}.Release|Any CPU.ActiveCfg = Release|Any CPU
		{41017B20-CB7C-4B90-B9C3-03E6056EA7F5}.Release|Any CPU.Build.0 = Release|Any CPU
	EndGlobalSection
	GlobalSection(SolutionProperties) = preSolution
		HideSolutionNode = FALSE
	EndGlobalSection
	GlobalSection(ExtensibilityGlobals) = postSolution
		SolutionGuid = {A8194C8B-A626-44BD-8EAD-53C99E23666E}
	EndGlobalSection
EndGlobal
