
Microsoft Visual Studio Solution File, Format Version 12.00
# Visual Studio Version 17
VisualStudioVersion = 17.9.34902.65
MinimumVisualStudioVersion = 10.0.40219.1
Project("{FAE04EC0-301F-11D3-BF4B-00C04F79EFBC}") = "mangdachieu2", "mangdachieu2\mangdachieu2.csproj", "{B28E9440-2AE8-4BC5-8D7D-739302EA2915}"
EndProject
Global
	GlobalSection(SolutionConfigurationPlatforms) = preSolution
		Debug|Any CPU = Debug|Any CPU
		Release|Any CPU = Release|Any CPU
	EndGlobalSection
	GlobalSection(ProjectConfigurationPlatforms) = postSolution
		{B28E9440-2AE8-4BC5-8D7D-739302EA2915}.Debug|Any CPU.ActiveCfg = Debug|Any CPU
		{B28E9440-2AE8-4BC5-8D7D-739302EA2915}.Debug|Any CPU.Build.0 = Debug|Any CPU
		{B28E9440-2AE8-4BC5-8D7D-739302EA2915}.Release|Any CPU.ActiveCfg = Release|Any CPU
		{B28E9440-2AE8-4BC5-8D7D-739302EA2915}.Release|Any CPU.Build.0 = Release|Any CPU
	EndGlobalSection
	GlobalSection(SolutionProperties) = preSolution
		HideSolutionNode = FALSE
	EndGlobalSection
	GlobalSection(ExtensibilityGlobals) = postSolution
		SolutionGuid = {9C9BCC79-8F02-4228-A21B-15AD4F9C0943}
	EndGlobalSection
EndGlobal
