
Microsoft Visual Studio Solution File, Format Version 12.00
# Visual Studio Version 17
VisualStudioVersion = 17.9.34902.65
MinimumVisualStudioVersion = 10.0.40219.1
Project("{FAE04EC0-301F-11D3-BF4B-00C04F79EFBC}") = "Return Value 2", "Return Value 2\Return Value 2.csproj", "{F89A6FF8-A4FC-4123-8FDF-04DF7DC61C61}"
EndProject
Global
	GlobalSection(SolutionConfigurationPlatforms) = preSolution
		Debug|Any CPU = Debug|Any CPU
		Release|Any CPU = Release|Any CPU
	EndGlobalSection
	GlobalSection(ProjectConfigurationPlatforms) = postSolution
		{F89A6FF8-A4FC-4123-8FDF-04DF7DC61C61}.Debug|Any CPU.ActiveCfg = Debug|Any CPU
		{F89A6FF8-A4FC-4123-8FDF-04DF7DC61C61}.Debug|Any CPU.Build.0 = Debug|Any CPU
		{F89A6FF8-A4FC-4123-8FDF-04DF7DC61C61}.Release|Any CPU.ActiveCfg = Release|Any CPU
		{F89A6FF8-A4FC-4123-8FDF-04DF7DC61C61}.Release|Any CPU.Build.0 = Release|Any CPU
	EndGlobalSection
	GlobalSection(SolutionProperties) = preSolution
		HideSolutionNode = FALSE
	EndGlobalSection
	GlobalSection(ExtensibilityGlobals) = postSolution
		SolutionGuid = {6E0B89C3-2AA1-427F-B1A7-06B703BF3892}
	EndGlobalSection
EndGlobal
